
Microsoft Visual Studio Solution File, Format Version 12.00
# Visual Studio Version 17
VisualStudioVersion = 17.5.33530.505
MinimumVisualStudioVersion = 10.0.40219.1
Project("{8BC9CEB8-8B4A-11D0-8D11-00A0C91BC942}") = "tutorial-0", "tutorial-0\tutorial-0.vcxproj", "{4C4BE4D3-C43E-4974-B565-095DA0D7D96B}"
EndProject
Project("{8BC9CEB8-8B4A-11D0-8D11-00A0C91BC942}") = "tutorial-1", "tutorial-1\tutorial-1.vcxproj", "{410E89EF-A9D3-4B52-ACBA-126CB9A9A1D2}"
EndProject
Project("{8BC9CEB8-8B4A-11D0-8D11-00A0C91BC942}") = "tutorial-2", "tutorial-2\tutorial-2.vcxproj", "{B6DA95DD-91D6-4A32-A415-7603EBE479FF}"
EndProject
Project("{8BC9CEB8-8B4A-11D0-8D11-00A0C91BC942}") = "tutorial-3", "tutorial-3\tutorial-3.vcxproj", "{B8E1BD12-5B6A-4E99-B9A6-5DE33086370C}"
EndProject
Global
	GlobalSection(SolutionConfigurationPlatforms) = preSolution
		Debug|Win32 = Debug|Win32
		Debug|x64 = Debug|x64
		Debug|x86 = Debug|x86
		Release|Win32 = Release|Win32
		Release|x64 = Release|x64
		Release|x86 = Release|x86
	EndGlobalSection
	GlobalSection(ProjectConfigurationPlatforms) = postSolution
		{4C4BE4D3-C43E-4974-B565-095DA0D7D96B}.Debug|Win32.ActiveCfg = Debug|Win32
		{4C4BE4D3-C43E-4974-B565-095DA0D7D96B}.Debug|Win32.Build.0 = Debug|Win32
		{4C4BE4D3-C43E-4974-B565-095DA0D7D96B}.Debug|x64.ActiveCfg = Debug|Win32
		{4C4BE4D3-C43E-4974-B565-095DA0D7D96B}.Debug|x64.Build.0 = Debug|Win32
		{4C4BE4D3-C43E-4974-B565-095DA0D7D96B}.Debug|x86.ActiveCfg = Debug|Win32
		{4C4BE4D3-C43E-4974-B565-095DA0D7D96B}.Debug|x86.Build.0 = Debug|Win32
		{4C4BE4D3-C43E-4974-B565-095DA0D7D96B}.Release|Win32.ActiveCfg = Release|Win32
		{4C4BE4D3-C43E-4974-B565-095DA0D7D96B}.Release|Win32.Build.0 = Release|Win32
		{4C4BE4D3-C43E-4974-B565-095DA0D7D96B}.Release|x64.ActiveCfg = Release|x64
		{4C4BE4D3-C43E-4974-B565-095DA0D7D96B}.Release|x64.Build.0 = Release|x64
		{4C4BE4D3-C43E-4974-B565-095DA0D7D96B}.Release|x86.ActiveCfg = Release|Win32
		{4C4BE4D3-C43E-4974-B565-095DA0D7D96B}.Release|x86.Build.0 = Release|Win32
		{410E89EF-A9D3-4B52-ACBA-126CB9A9A1D2}.Debug|Win32.ActiveCfg = Debug|Win32
		{410E89EF-A9D3-4B52-ACBA-126CB9A9A1D2}.Debug|Win32.Build.0 = Debug|Win32
		{410E89EF-A9D3-4B52-ACBA-126CB9A9A1D2}.Debug|x64.ActiveCfg = Debug|x64
		{410E89EF-A9D3-4B52-ACBA-126CB9A9A1D2}.Debug|x64.Build.0 = Debug|x64
		{410E89EF-A9D3-4B52-ACBA-126CB9A9A1D2}.Debug|x86.ActiveCfg = Debug|Win32
		{410E89EF-A9D3-4B52-ACBA-126CB9A9A1D2}.Debug|x86.Build.0 = Debug|Win32
		{410E89EF-A9D3-4B52-ACBA-126CB9A9A1D2}.Release|Win32.ActiveCfg = Release|Win32
		{410E89EF-A9D3-4B52-ACBA-126CB9A9A1D2}.Release|Win32.Build.0 = Release|Win32
		{410E89EF-A9D3-4B52-ACBA-126CB9A9A1D2}.Release|x64.ActiveCfg = Release|x64
		{410E89EF-A9D3-4B52-ACBA-126CB9A9A1D2}.Release|x64.Build.0 = Release|x64
		{410E89EF-A9D3-4B52-ACBA-126CB9A9A1D2}.Release|x86.ActiveCfg = Release|Win32
		{410E89EF-A9D3-4B52-ACBA-126CB9A9A1D2}.Release|x86.Build.0 = Release|Win32
		{B6DA95DD-91D6-4A32-A415-7603EBE479FF}.Debug|Win32.ActiveCfg = Debug|Win32
		{B6DA95DD-91D6-4A32-A415-7603EBE479FF}.Debug|Win32.Build.0 = Debug|Win32
		{B6DA95DD-91D6-4A32-A415-7603EBE479FF}.Debug|x64.ActiveCfg = Debug|x64
		{B6DA95DD-91D6-4A32-A415-7603EBE479FF}.Debug|x64.Build.0 = Debug|x64
		{B6DA95DD-91D6-4A32-A415-7603EBE479FF}.Debug|x86.ActiveCfg = Debug|Win32
		{B6DA95DD-91D6-4A32-A415-7603EBE479FF}.Debug|x86.Build.0 = Debug|Win32
		{B6DA95DD-91D6-4A32-A415-7603EBE479FF}.Release|Win32.ActiveCfg = Release|Win32
		{B6DA95DD-91D6-4A32-A415-7603EBE479FF}.Release|Win32.Build.0 = Release|Win32
		{B6DA95DD-91D6-4A32-A415-7603EBE479FF}.Release|x64.ActiveCfg = Release|x64
		{B6DA95DD-91D6-4A32-A415-7603EBE479FF}.Release|x64.Build.0 = Release|x64
		{B6DA95DD-91D6-4A32-A415-7603EBE479FF}.Release|x86.ActiveCfg = Release|Win32
		{B6DA95DD-91D6-4A32-A415-7603EBE479FF}.Release|x86.Build.0 = Release|Win32
		{B8E1BD12-5B6A-4E99-B9A6-5DE33086370C}.Debug|Win32.ActiveCfg = Debug|Win32
		{B8E1BD12-5B6A-4E99-B9A6-5DE33086370C}.Debug|Win32.Build.0 = Debug|Win32
		{B8E1BD12-5B6A-4E99-B9A6-5DE33086370C}.Debug|x64.ActiveCfg = Debug|x64
		{B8E1BD12-5B6A-4E99-B9A6-5DE33086370C}.Debug|x64.Build.0 = Debug|x64
		{B8E1BD12-5B6A-4E99-B9A6-5DE33086370C}.Debug|x86.ActiveCfg = Debug|Win32
		{B8E1BD12-5B6A-4E99-B9A6-5DE33086370C}.Debug|x86.Build.0 = Debug|Win32
		{B8E1BD12-5B6A-4E99-B9A6-5DE33086370C}.Release|Win32.ActiveCfg = Release|Win32
		{B8E1BD12-5B6A-4E99-B9A6-5DE33086370C}.Release|Win32.Build.0 = Release|Win32
		{B8E1BD12-5B6A-4E99-B9A6-5DE33086370C}.Release|x64.ActiveCfg = Release|x64
		{B8E1BD12-5B6A-4E99-B9A6-5DE33086370C}.Release|x64.Build.0 = Release|x64
		{B8E1BD12-5B6A-4E99-B9A6-5DE33086370C}.Release|x86.ActiveCfg = Release|Win32
		{B8E1BD12-5B6A-4E99-B9A6-5DE33086370C}.Release|x86.Build.0 = Release|Win32
	EndGlobalSection
	GlobalSection(SolutionProperties) = preSolution
		HideSolutionNode = FALSE
	EndGlobalSection
	GlobalSection(ExtensibilityGlobals) = postSolution
		SolutionGuid = {220D4B15-CF16-4F2D-87E3-EA0D66B65343}
	EndGlobalSection
EndGlobal
